
Microsoft Visual Studio Solution File, Format Version 12.00
# Visual Studio 14
VisualStudioVersion = 14.0.25123.0
MinimumVisualStudioVersion = 10.0.40219.1
Project("{FAE04EC0-301F-11D3-BF4B-00C04F79EFBC}") = "AzureTableStorageAPI", "AzureTableStorageAPI\AzureTableStorageAPI.csproj", "{96AD7356-DBFE-4E6E-B3B4-64CFAF0D9DEC}"
EndProject
Project("{FAE04EC0-301F-11D3-BF4B-00C04F79EFBC}") = "Tests", "Tests\Tests.csproj", "{031A25F9-3D8E-4729-B14C-478A0AF3385D}"
EndProject
Global
	GlobalSection(SolutionConfigurationPlatforms) = preSolution
		Debug|Any CPU = Debug|Any CPU
		Release|Any CPU = Release|Any CPU
	EndGlobalSection
	GlobalSection(ProjectConfigurationPlatforms) = postSolution
		{96AD7356-DBFE-4E6E-B3B4-64CFAF0D9DEC}.Debug|Any CPU.ActiveCfg = Debug|Any CPU
		{96AD7356-DBFE-4E6E-B3B4-64CFAF0D9DEC}.Debug|Any CPU.Build.0 = Debug|Any CPU
		{96AD7356-DBFE-4E6E-B3B4-64CFAF0D9DEC}.Release|Any CPU.ActiveCfg = Release|Any CPU
		{96AD7356-DBFE-4E6E-B3B4-64CFAF0D9DEC}.Release|Any CPU.Build.0 = Release|Any CPU
		{031A25F9-3D8E-4729-B14C-478A0AF3385D}.Debug|Any CPU.ActiveCfg = Debug|Any CPU
		{031A25F9-3D8E-4729-B14C-478A0AF3385D}.Debug|Any CPU.Build.0 = Debug|Any CPU
		{031A25F9-3D8E-4729-B14C-478A0AF3385D}.Release|Any CPU.ActiveCfg = Release|Any CPU
		{031A25F9-3D8E-4729-B14C-478A0AF3385D}.Release|Any CPU.Build.0 = Release|Any CPU
	EndGlobalSection
	GlobalSection(SolutionProperties) = preSolution
		HideSolutionNode = FALSE
	EndGlobalSection
EndGlobal
